
Microsoft Visual Studio Solution File, Format Version 12.00
# Visual Studio Version 16
VisualStudioVersion = 16.0.30907.101
MinimumVisualStudioVersion = 10.0.40219.1
Project("{9A19103F-16F7-4668-BE54-9A1E7A4F7556}") = "discord-bot", "discord-bot\discord-bot.csproj", "{AE0C2312-0C1B-45F1-87EA-1A1B3996B4FE}"
EndProject
Global
	GlobalSection(SolutionConfigurationPlatforms) = preSolution
		Debug|Any CPU = Debug|Any CPU
		Release|Any CPU = Release|Any CPU
	EndGlobalSection
	GlobalSection(ProjectConfigurationPlatforms) = postSolution
		{AE0C2312-0C1B-45F1-87EA-1A1B3996B4FE}.Debug|Any CPU.ActiveCfg = Debug|Any CPU
		{AE0C2312-0C1B-45F1-87EA-1A1B3996B4FE}.Debug|Any CPU.Build.0 = Debug|Any CPU
		{AE0C2312-0C1B-45F1-87EA-1A1B3996B4FE}.Release|Any CPU.ActiveCfg = Release|Any CPU
		{AE0C2312-0C1B-45F1-87EA-1A1B3996B4FE}.Release|Any CPU.Build.0 = Release|Any CPU
	EndGlobalSection
	GlobalSection(SolutionProperties) = preSolution
		HideSolutionNode = FALSE
	EndGlobalSection
	GlobalSection(ExtensibilityGlobals) = postSolution
		SolutionGuid = {EFCE89BF-4BBF-44E0-B9EB-CD434ECCCFAD}
	EndGlobalSection
EndGlobal
